
Microsoft Visual Studio Solution File, Format Version 12.00
# Visual Studio 2013
VisualStudioVersion = 12.0.21005.1
MinimumVisualStudioVersion = 10.0.40219.1
Project("{FAE04EC0-301F-11D3-BF4B-00C04F79EFBC}") = "VoiceChatTcp_Sever", "VoiceChatTcp\VoiceChatTcp_Sever.csproj", "{16CE285B-D4BB-40F2-9E8C-349C5C1BE0C6}"
EndProject
Project("{FAE04EC0-301F-11D3-BF4B-00C04F79EFBC}") = "VoiceChatTcp_Client", "VoiceChatTcp_Client\VoiceChatTcp_Client.csproj", "{8D350295-AA05-4C1A-B028-6AB1527B9930}"
EndProject
Global
	GlobalSection(SolutionConfigurationPlatforms) = preSolution
		Debug|Any CPU = Debug|Any CPU
		Release|Any CPU = Release|Any CPU
	EndGlobalSection
	GlobalSection(ProjectConfigurationPlatforms) = postSolution
		{16CE285B-D4BB-40F2-9E8C-349C5C1BE0C6}.Debug|Any CPU.ActiveCfg = Debug|Any CPU
		{16CE285B-D4BB-40F2-9E8C-349C5C1BE0C6}.Debug|Any CPU.Build.0 = Debug|Any CPU
		{16CE285B-D4BB-40F2-9E8C-349C5C1BE0C6}.Release|Any CPU.ActiveCfg = Release|Any CPU
		{16CE285B-D4BB-40F2-9E8C-349C5C1BE0C6}.Release|Any CPU.Build.0 = Release|Any CPU
		{8D350295-AA05-4C1A-B028-6AB1527B9930}.Debug|Any CPU.ActiveCfg = Debug|Any CPU
		{8D350295-AA05-4C1A-B028-6AB1527B9930}.Debug|Any CPU.Build.0 = Debug|Any CPU
		{8D350295-AA05-4C1A-B028-6AB1527B9930}.Release|Any CPU.ActiveCfg = Release|Any CPU
		{8D350295-AA05-4C1A-B028-6AB1527B9930}.Release|Any CPU.Build.0 = Release|Any CPU
	EndGlobalSection
	GlobalSection(SolutionProperties) = preSolution
		HideSolutionNode = FALSE
	EndGlobalSection
EndGlobal
